github.com/google/uuid v1.6.0 h1:NIvaJDMOsjHA8n1jAhLSgzrAzy1Hgr+hNrb57e+94F0=
github.com/google/uuid v1.6.0/go.mod h1:TIyPZe4MgqvfeYDBFedMoGGpEw/LqOeaOT+nhxU+yHo=
github.com/kohirens/json-web-token v0.0.0-20250406124205-25bfcaf2b6e7 h1:6Iz0b3lYgS2XbVqhjmirp6QxzUWcWmnItQM6VFH1nb4=
github.com/kohirens/json-web-token v0.0.0-20250406124205-25bfcaf2b6e7/go.mod h1:iMKPiZgRwpUUseVXHFtHrgEiLBL1H/TOfeATl1a1xNo=
github.com/kohirens/stdlib v0.0.0-20250410152247-92e642986984 h1:LgQ2d8/49MVf9xOz60pJvJCKJNom1yJD+L0nsk46AL0=
github.com/kohirens/stdlib v0.0.0-20250410152247-92e642986984/go.mod h1:tyePzzvEyJdHREgJk2SUQkqbdXtoHKFD7Lyl+7r9qFQ=
